
Microsoft Visual Studio Solution File, Format Version 12.00
# Visual Studio Version 16
VisualStudioVersion = 16.0.29326.143
MinimumVisualStudioVersion = 10.0.40219.1
Project("{FAE04EC0-301F-11D3-BF4B-00C04F79EFBC}") = "SimpleApp", "SimpleApp\SimpleApp.csproj", "{06443BAD-A997-4504-A18E-1C7F909FA978}"
EndProject
Project("{FAE04EC0-301F-11D3-BF4B-00C04F79EFBC}") = "SimpleUnitTest", "SimpleUnitTest\SimpleUnitTest.csproj", "{2F8FB838-B245-4F34-A3FD-3A95DFE59300}"
EndProject
Global
	GlobalSection(SolutionConfigurationPlatforms) = preSolution
		Debug|Any CPU = Debug|Any CPU
		Release|Any CPU = Release|Any CPU
	EndGlobalSection
	GlobalSection(ProjectConfigurationPlatforms) = postSolution
		{06443BAD-A997-4504-A18E-1C7F909FA978}.Debug|Any CPU.ActiveCfg = Debug|Any CPU
		{06443BAD-A997-4504-A18E-1C7F909FA978}.Debug|Any CPU.Build.0 = Debug|Any CPU
		{06443BAD-A997-4504-A18E-1C7F909FA978}.Release|Any CPU.ActiveCfg = Release|Any CPU
		{06443BAD-A997-4504-A18E-1C7F909FA978}.Release|Any CPU.Build.0 = Release|Any CPU
		{2F8FB838-B245-4F34-A3FD-3A95DFE59300}.Debug|Any CPU.ActiveCfg = Debug|Any CPU
		{2F8FB838-B245-4F34-A3FD-3A95DFE59300}.Debug|Any CPU.Build.0 = Debug|Any CPU
		{2F8FB838-B245-4F34-A3FD-3A95DFE59300}.Release|Any CPU.ActiveCfg = Release|Any CPU
		{2F8FB838-B245-4F34-A3FD-3A95DFE59300}.Release|Any CPU.Build.0 = Release|Any CPU
	EndGlobalSection
	GlobalSection(SolutionProperties) = preSolution
		HideSolutionNode = FALSE
	EndGlobalSection
	GlobalSection(ExtensibilityGlobals) = postSolution
		SolutionGuid = {2E4429EA-4583-4404-9AAF-615B05954E27}
	EndGlobalSection
EndGlobal
